
Microsoft Visual Studio Solution File, Format Version 12.00
# Visual Studio Version 17
VisualStudioVersion = 17.5.002.0
MinimumVisualStudioVersion = 10.0.40219.1
Project("{9A19103F-16F7-4668-BE54-9A1E7A4F7556}") = "portfolio_b", "portfolio_b.csproj", "{6B47271C-05C9-4004-B007-0B79D8452271}"
EndProject
Global
	GlobalSection(SolutionConfigurationPlatforms) = preSolution
		Debug|Any CPU = Debug|Any CPU
		Release|Any CPU = Release|Any CPU
	EndGlobalSection
	GlobalSection(ProjectConfigurationPlatforms) = postSolution
		{6B47271C-05C9-4004-B007-0B79D8452271}.Debug|Any CPU.ActiveCfg = Debug|Any CPU
		{6B47271C-05C9-4004-B007-0B79D8452271}.Debug|Any CPU.Build.0 = Debug|Any CPU
		{6B47271C-05C9-4004-B007-0B79D8452271}.Release|Any CPU.ActiveCfg = Release|Any CPU
		{6B47271C-05C9-4004-B007-0B79D8452271}.Release|Any CPU.Build.0 = Release|Any CPU
	EndGlobalSection
	GlobalSection(SolutionProperties) = preSolution
		HideSolutionNode = FALSE
	EndGlobalSection
	GlobalSection(ExtensibilityGlobals) = postSolution
		SolutionGuid = {9317631F-13B4-4F7A-84FE-5CE6A9C2A538}
	EndGlobalSection
EndGlobal
